PODS:
  - AFNetworking (3.1.0):
    - AFNetworking/NSURLSession (= 3.1.0)
    - AFNetworking/Reachability (= 3.1.0)
    - AFNetworking/Security (= 3.1.0)
    - AFNetworking/Serialization (= 3.1.0)
    - AFNetworking/UIKit (= 3.1.0)
  - AFNetworking/NSURLSession (3.1.0):
    - AFNetworking/Reachability
    - AFNetworking/Security
    - AFNetworking/Serialization
  - AFNetworking/Reachability (3.1.0)
  - AFNetworking/Security (3.1.0)
  - AFNetworking/Serialization (3.1.0)
  - AFNetworking/UIKit (3.1.0):
    - AFNetworking/NSURLSession
  - BmobSDK (2.1.7)
  - MBProgressHUD (1.0.0)
  - SDWebImage (4.0.0):
    - SDWebImage/Core (= 4.0.0)
  - SDWebImage/Core (4.0.0)
  - UMengUShare/Core (6.4.1):
    - UMengUShare/Network
  - UMengUShare/Network (6.4.1)
  - UMengUShare/Social/ReducedQQ (6.4.1):
    - UMengUShare/Core
  - UMengUShare/Social/ReducedSina (6.4.1):
    - UMengUShare/Core
  - UMengUShare/Social/ReducedWeChat (6.4.1):
    - UMengUShare/Core
  - UMengUShare/UI (6.4.1):
    - UMengUShare/Core

DEPENDENCIES:
  - AFNetworking
  - BmobSDK
  - MBProgressHUD
  - SDWebImage (~> 4.0)
  - UMengUShare/Social/ReducedQQ
  - UMengUShare/Social/ReducedSina
  - UMengUShare/Social/ReducedWeChat
  - UMengUShare/UI

SPEC CHECKSUMS:
  AFNetworking: 5e0e199f73d8626b11e79750991f5d173d1f8b67
  BmobSDK: 23cbfbde2a7cfaeb0c8a946953a266fe5211e7f6
  MBProgressHUD: 4890f671c94e8a0f3cf959aa731e9de2f036d71a
  SDWebImage: 76a6348bdc74eb5a55dd08a091ef298e56b55e41
  UMengUShare: 7756e2e46ceba04e3000fb2c9b1d3f61784ca2ff

PODFILE CHECKSUM: 02fd16bb0bd11af644ac77af56b9399e3f921fd2

COCOAPODS: 1.2.0
