<?xml version="1.0" encoding="UTF-8"?>
<Scheme
   LastUpgradeVersion = "0830"
   version = "1.3">
   <BuildAction
      parallelizeBuildables = "YES"
      buildImplicitDependencies = "YES">
      <BuildActionEntries>
         <BuildActionEntry
            buildForTesting = "YES"
            buildForRunning = "YES"
            buildForProfiling = "YES"
            buildForArchiving = "YES"
            buildForAnalyzing = "YES">
            <BuildableReference
               BuildableIdentifier = "primary"
               BlueprintIdentifier = "CB2485DE1F6A30A20034C09B"
               BuildableName = "&#x667a;&#x6167;&#x6821;&#x56ed;Watch.app"
               BlueprintName = "&#x667a;&#x6167;&#x6821;&#x56ed;Watch"
               ReferencedContainer = "container:&#x667a;&#x6167;&#x6821;&#x56ed;.xcodeproj">
            </BuildableReference>
         </BuildActionEntry>
         <BuildActionEntry
            buildForTesting = "YES"
            buildForRunning = "YES"
            buildForProfiling = "YES"
            buildForArchiving = "YES"
            buildForAnalyzing = "YES">
            <BuildableReference
               BuildableIdentifier = "primary"
               BlueprintIdentifier = "CB7A84FD1ECA7E3200955407"
               BuildableName = "&#x667a;&#x6167;&#x6821;&#x56ed;.app"
               BlueprintName = "&#x667a;&#x6167;&#x6821;&#x56ed;"
               ReferencedContainer = "container:&#x667a;&#x6167;&#x6821;&#x56ed;.xcodeproj">
            </BuildableReference>
         </BuildActionEntry>
      </BuildActionEntries>
   </BuildAction>
   <TestAction
      buildConfiguration = "Debug"
      selectedDebuggerIdentifier = "Xcode.DebuggerFoundation.Debugger.LLDB"
      selectedLauncherIdentifier = "Xcode.DebuggerFoundation.Launcher.LLDB"
      shouldUseLaunchSchemeArgsEnv = "YES">
      <Testables>
      </Testables>
      <MacroExpansion>
         <BuildableReference
            BuildableIdentifier = "primary"
            BlueprintIdentifier = "CB2485DE1F6A30A20034C09B"
            BuildableName = "&#x667a;&#x6167;&#x6821;&#x56ed;Watch.app"
            BlueprintName = "&#x667a;&#x6167;&#x6821;&#x56ed;Watch"
            ReferencedContainer = "container:&#x667a;&#x6167;&#x6821;&#x56ed;.xcodeproj">
         </BuildableReference>
      </MacroExpansion>
      <AdditionalOptions>
      </AdditionalOptions>
   </TestAction>
   <LaunchAction
      buildConfiguration = "Debug"
      selectedDebuggerIdentifier = "Xcode.DebuggerFoundation.Debugger.LLDB"
      selectedLauncherIdentifier = "Xcode.DebuggerFoundation.Launcher.LLDB"
      launchStyle = "0"
      useCustomWorkingDirectory = "NO"
      ignoresPersistentStateOnLaunch = "NO"
      debugDocumentVersioning = "YES"
      debugServiceExtension = "internal"
      allowLocationSimulation = "YES">
      <RemoteRunnable
         runnableDebuggingMode = "2"
         BundleIdentifier = "com.apple.Carousel"
         RemotePath = "/&#x667a;&#x6167;&#x6821;&#x56ed;">
         <BuildableReference
            BuildableIdentifier = "primary"
            BlueprintIdentifier = "CB2485DE1F6A30A20034C09B"
            BuildableName = "&#x667a;&#x6167;&#x6821;&#x56ed;Watch.app"
            BlueprintName = "&#x667a;&#x6167;&#x6821;&#x56ed;Watch"
            ReferencedContainer = "container:&#x667a;&#x6167;&#x6821;&#x56ed;.xcodeproj">
         </BuildableReference>
      </RemoteRunnable>
      <MacroExpansion>
         <BuildableReference
            BuildableIdentifier = "primary"
            BlueprintIdentifier = "CB2485DE1F6A30A20034C09B"
            BuildableName = "&#x667a;&#x6167;&#x6821;&#x56ed;Watch.app"
            BlueprintName = "&#x667a;&#x6167;&#x6821;&#x56ed;Watch"
            ReferencedContainer = "container:&#x667a;&#x6167;&#x6821;&#x56ed;.xcodeproj">
         </BuildableReference>
      </MacroExpansion>
      <AdditionalOptions>
      </AdditionalOptions>
   </LaunchAction>
   <ProfileAction
      buildConfiguration = "Release"
      shouldUseLaunchSchemeArgsEnv = "YES"
      savedToolIdentifier = ""
      useCustomWorkingDirectory = "NO"
      debugDocumentVersioning = "YES">
      <RemoteRunnable
         runnableDebuggingMode = "2"
         BundleIdentifier = "com.apple.Carousel"
         RemotePath = "/&#x667a;&#x6167;&#x6821;&#x56ed;">
         <BuildableReference
            BuildableIdentifier = "primary"
            BlueprintIdentifier = "CB2485DE1F6A30A20034C09B"
            BuildableName = "&#x667a;&#x6167;&#x6821;&#x56ed;Watch.app"
            BlueprintName = "&#x667a;&#x6167;&#x6821;&#x56ed;Watch"
            ReferencedContainer = "container:&#x667a;&#x6167;&#x6821;&#x56ed;.xcodeproj">
         </BuildableReference>
      </RemoteRunnable>
      <MacroExpansion>
         <BuildableReference
            BuildableIdentifier = "primary"
            BlueprintIdentifier = "CB2485DE1F6A30A20034C09B"
            BuildableName = "&#x667a;&#x6167;&#x6821;&#x56ed;Watch.app"
            BlueprintName = "&#x667a;&#x6167;&#x6821;&#x56ed;Watch"
            ReferencedContainer = "container:&#x667a;&#x6167;&#x6821;&#x56ed;.xcodeproj">
         </BuildableReference>
      </MacroExpansion>
   </ProfileAction>
   <AnalyzeAction
      buildConfiguration = "Debug">
   </AnalyzeAction>
   <ArchiveAction
      buildConfiguration = "Release"
      revealArchiveInOrganizer = "YES">
   </ArchiveAction>
</Scheme>
